
Microsoft Visual Studio Solution File, Format Version 12.00
# Visual Studio Version 17
VisualStudioVersion = 17.5.002.0
MinimumVisualStudioVersion = 10.0.40219.1
Project("{2150E333-8FDC-42A3-9474-1A3956D46DE8}") = "sandbox", "sandbox", "{B6BD1F7D-35F1-4CD0-8F87-0AA80CEB8921}"
EndProject
Project("{9A19103F-16F7-4668-BE54-9A1E7A4F7556}") = "sandbox_project", "sandbox\sandbox_project\sandbox_project.csproj", "{6A5B34DC-C23F-4524-A599-00DEB4DED969}"
EndProject
Project("{2150E333-8FDC-42A3-9474-1A3956D46DE8}") = "week01", "week01", "{83A8C624-F1F3-4D5B-A157-55C18D3A5F95}"
EndProject
Project("{9A19103F-16F7-4668-BE54-9A1E7A4F7556}") = "analyze", "week01\analyze\analyze.csproj", "{BCBB5CC2-6AF0-4A24-87FE-F669F9638B3B}"
EndProject
Project("{9A19103F-16F7-4668-BE54-9A1E7A4F7556}") = "code", "week01\code\code.csproj", "{80E84EFC-F819-4179-9971-24DC484DAF57}"
EndProject
Project("{9A19103F-16F7-4668-BE54-9A1E7A4F7556}") = "teach", "week01\teach\teach.csproj", "{A5EA3FEE-CBD7-4A1E-84C5-ADF6F5FD662C}"
EndProject
Project("{2150E333-8FDC-42A3-9474-1A3956D46DE8}") = "week02", "week02", "{4B08E71C-48D7-47CC-9B38-1A8871E053A7}"
EndProject
Project("{9A19103F-16F7-4668-BE54-9A1E7A4F7556}") = "analyze", "week02\analyze\analyze.csproj", "{E12E3C9C-7653-478D-8397-5755F61DB7DF}"
EndProject
Project("{9A19103F-16F7-4668-BE54-9A1E7A4F7556}") = "code", "week02\code\code.csproj", "{F223AC59-D0F1-4BC6-8096-C5DB3554F0B8}"
EndProject
Project("{9A19103F-16F7-4668-BE54-9A1E7A4F7556}") = "learn", "week02\learn\learn.csproj", "{38E738B4-68E6-4114-84F9-F3A7199F081E}"
EndProject
Project("{9A19103F-16F7-4668-BE54-9A1E7A4F7556}") = "teach", "week02\teach\teach.csproj", "{678165DB-B1D3-4B47-B480-EEF2A26DE1CB}"
EndProject
Project("{2150E333-8FDC-42A3-9474-1A3956D46DE8}") = "week03", "week03", "{66D6DDFD-AA6F-44E4-848A-5000ABD5DCAB}"
EndProject
Project("{9A19103F-16F7-4668-BE54-9A1E7A4F7556}") = "code", "week03\code\code.csproj", "{06431386-9466-4280-B3BB-E4344FB5D8FB}"
EndProject
Project("{9A19103F-16F7-4668-BE54-9A1E7A4F7556}") = "learn", "week03\learn\learn.csproj", "{443B11F5-DDE0-4E31-9FF2-2205782C4B38}"
EndProject
Project("{9A19103F-16F7-4668-BE54-9A1E7A4F7556}") = "teach", "week03\teach\teach.csproj", "{B330C992-F94E-432D-B7CF-85D180CC2468}"
EndProject
Project("{2150E333-8FDC-42A3-9474-1A3956D46DE8}") = "week04", "week04", "{B569F689-A169-48C1-9D2B-50DD7B9B4F74}"
EndProject
Project("{9A19103F-16F7-4668-BE54-9A1E7A4F7556}") = "code", "week04\code\code.csproj", "{944751E2-51CE-4FE0-A634-DC4087763FDA}"
EndProject
Project("{2150E333-8FDC-42A3-9474-1A3956D46DE8}") = "week05", "week05", "{BC9FD785-5B6F-4E7D-98E8-F1F9A875CD86}"
EndProject
Project("{9A19103F-16F7-4668-BE54-9A1E7A4F7556}") = "code", "week05\code\code.csproj", "{BCD048D7-B644-4C74-BBBD-6B14A04818A4}"
EndProject
Project("{2150E333-8FDC-42A3-9474-1A3956D46DE8}") = "week06", "week06", "{E7BC6ED4-3AD9-4DDA-88ED-30E2F9787982}"
EndProject
Project("{9A19103F-16F7-4668-BE54-9A1E7A4F7556}") = "code", "week06\code\code.csproj", "{B8BFC12C-31EE-47B7-94FC-168642942568}"
EndProject
Global
	GlobalSection(SolutionConfigurationPlatforms) = preSolution
		Debug|Any CPU = Debug|Any CPU
		Release|Any CPU = Release|Any CPU
	EndGlobalSection
	GlobalSection(ProjectConfigurationPlatforms) = postSolution
		{6A5B34DC-C23F-4524-A599-00DEB4DED969}.Debug|Any CPU.ActiveCfg = Debug|Any CPU
		{6A5B34DC-C23F-4524-A599-00DEB4DED969}.Debug|Any CPU.Build.0 = Debug|Any CPU
		{6A5B34DC-C23F-4524-A599-00DEB4DED969}.Release|Any CPU.ActiveCfg = Release|Any CPU
		{6A5B34DC-C23F-4524-A599-00DEB4DED969}.Release|Any CPU.Build.0 = Release|Any CPU
		{BCBB5CC2-6AF0-4A24-87FE-F669F9638B3B}.Debug|Any CPU.ActiveCfg = Debug|Any CPU
		{BCBB5CC2-6AF0-4A24-87FE-F669F9638B3B}.Debug|Any CPU.Build.0 = Debug|Any CPU
		{BCBB5CC2-6AF0-4A24-87FE-F669F9638B3B}.Release|Any CPU.ActiveCfg = Release|Any CPU
		{BCBB5CC2-6AF0-4A24-87FE-F669F9638B3B}.Release|Any CPU.Build.0 = Release|Any CPU
		{80E84EFC-F819-4179-9971-24DC484DAF57}.Debug|Any CPU.ActiveCfg = Debug|Any CPU
		{80E84EFC-F819-4179-9971-24DC484DAF57}.Debug|Any CPU.Build.0 = Debug|Any CPU
		{80E84EFC-F819-4179-9971-24DC484DAF57}.Release|Any CPU.ActiveCfg = Release|Any CPU
		{80E84EFC-F819-4179-9971-24DC484DAF57}.Release|Any CPU.Build.0 = Release|Any CPU
		{A5EA3FEE-CBD7-4A1E-84C5-ADF6F5FD662C}.Debug|Any CPU.ActiveCfg = Debug|Any CPU
		{A5EA3FEE-CBD7-4A1E-84C5-ADF6F5FD662C}.Debug|Any CPU.Build.0 = Debug|Any CPU
		{A5EA3FEE-CBD7-4A1E-84C5-ADF6F5FD662C}.Release|Any CPU.ActiveCfg = Release|Any CPU
		{A5EA3FEE-CBD7-4A1E-84C5-ADF6F5FD662C}.Release|Any CPU.Build.0 = Release|Any CPU
		{E12E3C9C-7653-478D-8397-5755F61DB7DF}.Debug|Any CPU.ActiveCfg = Debug|Any CPU
		{E12E3C9C-7653-478D-8397-5755F61DB7DF}.Debug|Any CPU.Build.0 = Debug|Any CPU
		{E12E3C9C-7653-478D-8397-5755F61DB7DF}.Release|Any CPU.ActiveCfg = Release|Any CPU
		{E12E3C9C-7653-478D-8397-5755F61DB7DF}.Release|Any CPU.Build.0 = Release|Any CPU
		{F223AC59-D0F1-4BC6-8096-C5DB3554F0B8}.Debug|Any CPU.ActiveCfg = Debug|Any CPU
		{F223AC59-D0F1-4BC6-8096-C5DB3554F0B8}.Debug|Any CPU.Build.0 = Debug|Any CPU
		{F223AC59-D0F1-4BC6-8096-C5DB3554F0B8}.Release|Any CPU.ActiveCfg = Release|Any CPU
		{F223AC59-D0F1-4BC6-8096-C5DB3554F0B8}.Release|Any CPU.Build.0 = Release|Any CPU
		{38E738B4-68E6-4114-84F9-F3A7199F081E}.Debug|Any CPU.ActiveCfg = Debug|Any CPU
		{38E738B4-68E6-4114-84F9-F3A7199F081E}.Debug|Any CPU.Build.0 = Debug|Any CPU
		{38E738B4-68E6-4114-84F9-F3A7199F081E}.Release|Any CPU.ActiveCfg = Release|Any CPU
		{38E738B4-68E6-4114-84F9-F3A7199F081E}.Release|Any CPU.Build.0 = Release|Any CPU
		{678165DB-B1D3-4B47-B480-EEF2A26DE1CB}.Debug|Any CPU.ActiveCfg = Debug|Any CPU
		{678165DB-B1D3-4B47-B480-EEF2A26DE1CB}.Debug|Any CPU.Build.0 = Debug|Any CPU
		{678165DB-B1D3-4B47-B480-EEF2A26DE1CB}.Release|Any CPU.ActiveCfg = Release|Any CPU
		{678165DB-B1D3-4B47-B480-EEF2A26DE1CB}.Release|Any CPU.Build.0 = Release|Any CPU
		{06431386-9466-4280-B3BB-E4344FB5D8FB}.Debug|Any CPU.ActiveCfg = Debug|Any CPU
		{06431386-9466-4280-B3BB-E4344FB5D8FB}.Debug|Any CPU.Build.0 = Debug|Any CPU
		{06431386-9466-4280-B3BB-E4344FB5D8FB}.Release|Any CPU.ActiveCfg = Release|Any CPU
		{06431386-9466-4280-B3BB-E4344FB5D8FB}.Release|Any CPU.Build.0 = Release|Any CPU
		{443B11F5-DDE0-4E31-9FF2-2205782C4B38}.Debug|Any CPU.ActiveCfg = Debug|Any CPU
		{443B11F5-DDE0-4E31-9FF2-2205782C4B38}.Debug|Any CPU.Build.0 = Debug|Any CPU
		{443B11F5-DDE0-4E31-9FF2-2205782C4B38}.Release|Any CPU.ActiveCfg = Release|Any CPU
		{443B11F5-DDE0-4E31-9FF2-2205782C4B38}.Release|Any CPU.Build.0 = Release|Any CPU
		{B330C992-F94E-432D-B7CF-85D180CC2468}.Debug|Any CPU.ActiveCfg = Debug|Any CPU
		{B330C992-F94E-432D-B7CF-85D180CC2468}.Debug|Any CPU.Build.0 = Debug|Any CPU
		{B330C992-F94E-432D-B7CF-85D180CC2468}.Release|Any CPU.ActiveCfg = Release|Any CPU
		{B330C992-F94E-432D-B7CF-85D180CC2468}.Release|Any CPU.Build.0 = Release|Any CPU
		{944751E2-51CE-4FE0-A634-DC4087763FDA}.Debug|Any CPU.ActiveCfg = Debug|Any CPU
		{944751E2-51CE-4FE0-A634-DC4087763FDA}.Debug|Any CPU.Build.0 = Debug|Any CPU
		{944751E2-51CE-4FE0-A634-DC4087763FDA}.Release|Any CPU.ActiveCfg = Release|Any CPU
		{944751E2-51CE-4FE0-A634-DC4087763FDA}.Release|Any CPU.Build.0 = Release|Any CPU
		{BCD048D7-B644-4C74-BBBD-6B14A04818A4}.Debug|Any CPU.ActiveCfg = Debug|Any CPU
		{BCD048D7-B644-4C74-BBBD-6B14A04818A4}.Debug|Any CPU.Build.0 = Debug|Any CPU
		{BCD048D7-B644-4C74-BBBD-6B14A04818A4}.Release|Any CPU.ActiveCfg = Release|Any CPU
		{BCD048D7-B644-4C74-BBBD-6B14A04818A4}.Release|Any CPU.Build.0 = Release|Any CPU
		{B8BFC12C-31EE-47B7-94FC-168642942568}.Debug|Any CPU.ActiveCfg = Debug|Any CPU
		{B8BFC12C-31EE-47B7-94FC-168642942568}.Debug|Any CPU.Build.0 = Debug|Any CPU
		{B8BFC12C-31EE-47B7-94FC-168642942568}.Release|Any CPU.ActiveCfg = Release|Any CPU
		{B8BFC12C-31EE-47B7-94FC-168642942568}.Release|Any CPU.Build.0 = Release|Any CPU
	EndGlobalSection
	GlobalSection(SolutionProperties) = preSolution
		HideSolutionNode = FALSE
	EndGlobalSection
	GlobalSection(NestedProjects) = preSolution
		{6A5B34DC-C23F-4524-A599-00DEB4DED969} = {B6BD1F7D-35F1-4CD0-8F87-0AA80CEB8921}
		{BCBB5CC2-6AF0-4A24-87FE-F669F9638B3B} = {83A8C624-F1F3-4D5B-A157-55C18D3A5F95}
		{80E84EFC-F819-4179-9971-24DC484DAF57} = {83A8C624-F1F3-4D5B-A157-55C18D3A5F95}
		{A5EA3FEE-CBD7-4A1E-84C5-ADF6F5FD662C} = {83A8C624-F1F3-4D5B-A157-55C18D3A5F95}
		{E12E3C9C-7653-478D-8397-5755F61DB7DF} = {4B08E71C-48D7-47CC-9B38-1A8871E053A7}
		{F223AC59-D0F1-4BC6-8096-C5DB3554F0B8} = {4B08E71C-48D7-47CC-9B38-1A8871E053A7}
		{38E738B4-68E6-4114-84F9-F3A7199F081E} = {4B08E71C-48D7-47CC-9B38-1A8871E053A7}
		{678165DB-B1D3-4B47-B480-EEF2A26DE1CB} = {4B08E71C-48D7-47CC-9B38-1A8871E053A7}
		{06431386-9466-4280-B3BB-E4344FB5D8FB} = {66D6DDFD-AA6F-44E4-848A-5000ABD5DCAB}
		{443B11F5-DDE0-4E31-9FF2-2205782C4B38} = {66D6DDFD-AA6F-44E4-848A-5000ABD5DCAB}
		{B330C992-F94E-432D-B7CF-85D180CC2468} = {66D6DDFD-AA6F-44E4-848A-5000ABD5DCAB}
		{944751E2-51CE-4FE0-A634-DC4087763FDA} = {B569F689-A169-48C1-9D2B-50DD7B9B4F74}
		{BCD048D7-B644-4C74-BBBD-6B14A04818A4} = {BC9FD785-5B6F-4E7D-98E8-F1F9A875CD86}
		{B8BFC12C-31EE-47B7-94FC-168642942568} = {E7BC6ED4-3AD9-4DDA-88ED-30E2F9787982}
	EndGlobalSection
	GlobalSection(ExtensibilityGlobals) = postSolution
		SolutionGuid = {65CE20BD-BBC9-41C0-AC08-C6CFC10D2650}
	EndGlobalSection
EndGlobal
